// !$*UTF8*$!
{
	archiveVersion = 1;
	classes = {
	};
	objectVersion = 46;
	objects = {

/* Begin PBXBuildFile section */
		8C0578891E81CDF600FA2D29 /* Assets.xcassets in Resources */ = {isa = PBXBuildFile; fileRef = 8C0578881E81CDF600FA2D29 /* Assets.xcassets */; };
		8C6FC4E41E7FD50000CC10E4 /* ListViewControllerSpec.swift in Sources */ = {isa = PBXBuildFile; fileRef = 8C6FC4E31E7FD50000CC10E4 /* ListViewControllerSpec.swift */; };
		8C6FC4E61E7FEB6300CC10E4 /* MapViewViewModelSpec.swift in Sources */ = {isa = PBXBuildFile; fileRef = 8C6FC4E51E7FEB6300CC10E4 /* MapViewViewModelSpec.swift */; };
		8C6FC4E81E7FECDF00CC10E4 /* MapViewViewModel.swift in Sources */ = {isa = PBXBuildFile; fileRef = 8C6FC4E71E7FECDF00CC10E4 /* MapViewViewModel.swift */; };
		8C6FC4EA1E7FED7000CC10E4 /* MapViewControllerSpec.swift in Sources */ = {isa = PBXBuildFile; fileRef = 8C6FC4E91E7FED7000CC10E4 /* MapViewControllerSpec.swift */; };
		8C6FC4EE1E7FF77000CC10E4 /* PointAnnotation.swift in Sources */ = {isa = PBXBuildFile; fileRef = 8C6FC4ED1E7FF77000CC10E4 /* PointAnnotation.swift */; };
		8C76C5B91E7F398200B26819 /* CoreLocation.framework in Frameworks */ = {isa = PBXBuildFile; fileRef = 8C76C5B81E7F398200B26819 /* CoreLocation.framework */; };
		8C76C5BB1E7F3B9A00B26819 /* CellViewModel.swift in Sources */ = {isa = PBXBuildFile; fileRef = 8C76C5BA1E7F3B9A00B26819 /* CellViewModel.swift */; };
		8C76C5BD1E7F3C0000B26819 /* PlaceListCellViewModelSpec.swift in Sources */ = {isa = PBXBuildFile; fileRef = 8C76C5BC1E7F3C0000B26819 /* PlaceListCellViewModelSpec.swift */; };
		8C76C5BF1E7F40C100B26819 /* PlaceListCellViewModel.swift in Sources */ = {isa = PBXBuildFile; fileRef = 8C76C5BE1E7F40C100B26819 /* PlaceListCellViewModel.swift */; };
		8C76C5C31E7F439400B26819 /* TableViewCell.swift in Sources */ = {isa = PBXBuildFile; fileRef = 8C76C5C21E7F439400B26819 /* TableViewCell.swift */; };
		8C76C5C51E7F43E200B26819 /* PlaceListCellSpec.swift in Sources */ = {isa = PBXBuildFile; fileRef = 8C76C5C41E7F43E200B26819 /* PlaceListCellSpec.swift */; };
		8C76C5C81E7F46BA00B26819 /* PlaceListCell.swift in Sources */ = {isa = PBXBuildFile; fileRef = 8C76C5C71E7F46BA00B26819 /* PlaceListCell.swift */; };
		8C8D0D5E1E80032400F77B2E /* CalloutViewViewModelSpec.swift in Sources */ = {isa = PBXBuildFile; fileRef = 8C8D0D5D1E80032400F77B2E /* CalloutViewViewModelSpec.swift */; };
		8C8D0D621E80037400F77B2E /* View.swift in Sources */ = {isa = PBXBuildFile; fileRef = 8C8D0D611E80037400F77B2E /* View.swift */; };
		8C8D0D641E80045600F77B2E /* ViewViewModel.swift in Sources */ = {isa = PBXBuildFile; fileRef = 8C8D0D631E80045600F77B2E /* ViewViewModel.swift */; };
		8C8D0D661E8004CB00F77B2E /* CalloutViewViewModel.swift in Sources */ = {isa = PBXBuildFile; fileRef = 8C8D0D651E8004CB00F77B2E /* CalloutViewViewModel.swift */; };
		8C8D0D681E80075700F77B2E /* CalloutViewSpec.swift in Sources */ = {isa = PBXBuildFile; fileRef = 8C8D0D671E80075700F77B2E /* CalloutViewSpec.swift */; };
		8C8D0D6B1E80081500F77B2E /* CalloutView.swift in Sources */ = {isa = PBXBuildFile; fileRef = 8C8D0D691E80081500F77B2E /* CalloutView.swift */; };
		8C8D0D6C1E80081500F77B2E /* CalloutView.xib in Resources */ = {isa = PBXBuildFile; fileRef = 8C8D0D6A1E80081500F77B2E /* CalloutView.xib */; };
		8C9CC77F1E7ED4FE005D13A1 /* ListViewController.swift in Sources */ = {isa = PBXBuildFile; fileRef = 8C9CC77E1E7ED4FE005D13A1 /* ListViewController.swift */; };
		8C9CC7811E7ED506005D13A1 /* MapViewController.swift in Sources */ = {isa = PBXBuildFile; fileRef = 8C9CC7801E7ED506005D13A1 /* MapViewController.swift */; };
		8C9CC7851E7EDE1C005D13A1 /* DataProvider.swift in Sources */ = {isa = PBXBuildFile; fileRef = 8C9CC7841E7EDE1C005D13A1 /* DataProvider.swift */; };
		8C9CC7881E7EE5DB005D13A1 /* URLFactory.swift in Sources */ = {isa = PBXBuildFile; fileRef = 8C9CC7871E7EE5DB005D13A1 /* URLFactory.swift */; };
		8C9CC78C1E7EE67A005D13A1 /* PlacesAroundLocationURLFactory.swift in Sources */ = {isa = PBXBuildFile; fileRef = 8C9CC78B1E7EE67A005D13A1 /* PlacesAroundLocationURLFactory.swift */; };
		8C9CC78E1E7EE693005D13A1 /* PlacesAroundLocationDataProvider.swift in Sources */ = {isa = PBXBuildFile; fileRef = 8C9CC78D1E7EE693005D13A1 /* PlacesAroundLocationDataProvider.swift */; };
		8C9CC7901E7EE6FA005D13A1 /* PlacesAroundLocationURLFactorySpec.swift in Sources */ = {isa = PBXBuildFile; fileRef = 8C9CC78F1E7EE6FA005D13A1 /* PlacesAroundLocationURLFactorySpec.swift */; };
		8C9CC7921E7EF50B005D13A1 /* PlacesAroundLocationDataProviderSpec.swift in Sources */ = {isa = PBXBuildFile; fileRef = 8C9CC7911E7EF50B005D13A1 /* PlacesAroundLocationDataProviderSpec.swift */; };
		8C9CC7941E7EF920005D13A1 /* MockData.swift in Sources */ = {isa = PBXBuildFile; fileRef = 8C9CC7931E7EF920005D13A1 /* MockData.swift */; };
		8C9CC7971E7F16E3005D13A1 /* ResponseWithData.json in Resources */ = {isa = PBXBuildFile; fileRef = 8C9CC7961E7F16E3005D13A1 /* ResponseWithData.json */; };
		8C9CC79A1E7F2881005D13A1 /* ViewControllerViewModel.swift in Sources */ = {isa = PBXBuildFile; fileRef = 8C9CC7991E7F2881005D13A1 /* ViewControllerViewModel.swift */; };
		8C9CC79C1E7F28A6005D13A1 /* ListViewViewModelSpec.swift in Sources */ = {isa = PBXBuildFile; fileRef = 8C9CC79B1E7F28A6005D13A1 /* ListViewViewModelSpec.swift */; };
		8C9CC79F1E7F3102005D13A1 /* ListViewViewModel.swift in Sources */ = {isa = PBXBuildFile; fileRef = 8C9CC79E1E7F3102005D13A1 /* ListViewViewModel.swift */; };
		8CAA5A351E7EB4C400D620C5 /* Main.storyboard in Resources */ = {isa = PBXBuildFile; fileRef = 8CAA5A331E7EB4C400D620C5 /* Main.storyboard */; };
		8CAA5A3A1E7EB4C400D620C5 /* LaunchScreen.storyboard in Resources */ = {isa = PBXBuildFile; fileRef = 8CAA5A381E7EB4C400D620C5 /* LaunchScreen.storyboard */; };
		8CAA5A581E7EB62800D620C5 /* Info.plist in Resources */ = {isa = PBXBuildFile; fileRef = 8CAA5A571E7EB62800D620C5 /* Info.plist */; };
		8CAA5A5D1E7EB6AD00D620C5 /* AppDelegate.swift in Sources */ = {isa = PBXBuildFile; fileRef = 8CAA5A5A1E7EB6AD00D620C5 /* AppDelegate.swift */; };
		8CAA5A691E7EC23200D620C5 /* Place.swift in Sources */ = {isa = PBXBuildFile; fileRef = 8CAA5A681E7EC23200D620C5 /* Place.swift */; };
		8CAA5A6B1E7EC30D00D620C5 /* PlaceModelTests.swift in Sources */ = {isa = PBXBuildFile; fileRef = 8CAA5A6A1E7EC30D00D620C5 /* PlaceModelTests.swift */; };
		8CC28EAC1E806B79006550DF /* GetCurretLocationService.swift in Sources */ = {isa = PBXBuildFile; fileRef = 8CC28EAB1E806B79006550DF /* GetCurretLocationService.swift */; };
		8CC28EB01E807F16006550DF /* LocationService.swift in Sources */ = {isa = PBXBuildFile; fileRef = 8CC28EAF1E807F16006550DF /* LocationService.swift */; };
		8CC28EB21E808005006550DF /* GetCurrentLocationServiceSpec.swift in Sources */ = {isa = PBXBuildFile; fileRef = 8CC28EB11E808005006550DF /* GetCurrentLocationServiceSpec.swift */; };
		9D009EE7670719D912AF990F /* Pods_BarsAroundMeTests.framework in Frameworks */ = {isa = PBXBuildFile; fileRef = D985FBC798FBB6C97D98A853 /* Pods_BarsAroundMeTests.framework */; };
		D7398F6998B15E2DC7715F9D /* Pods_BarsAroundMe.framework in Frameworks */ = {isa = PBXBuildFile; fileRef = 353C3D46F2F845C6381C54AD /* Pods_BarsAroundMe.framework */; };
/* End PBXBuildFile section */

/* Begin PBXContainerItemProxy section */
		8CAA5A411E7EB4C400D620C5 /* PBXContainerItemProxy */ = {
			isa = PBXContainerItemProxy;
			containerPortal = 8CAA5A221E7EB4C400D620C5 /* Project object */;
			proxyType = 1;
			remoteGlobalIDString = 8CAA5A291E7EB4C400D620C5;
			remoteInfo = BarsAroundMe;
		};
/* End PBXContainerItemProxy section */

/* Begin PBXFileReference section */
		353C3D46F2F845C6381C54AD /* Pods_BarsAroundMe.framework */ = {isa = PBXFileReference; explicitFileType = wrapper.framework; includeInIndex = 0; path = Pods_BarsAroundMe.framework; sourceTree = BUILT_PRODUCTS_DIR; };
		47D5CA1E7B2926DDAB4A398F /* Pods-BarsAroundMeTests.debug.xcconfig */ = {isa = PBXFileReference; includeInIndex = 1; lastKnownFileType = text.xcconfig; name = "Pods-BarsAroundMeTests.debug.xcconfig"; path = "Pods/Target Support Files/Pods-BarsAroundMeTests/Pods-BarsAroundMeTests.debug.xcconfig"; sourceTree = "<group>"; };
		8C0578881E81CDF600FA2D29 /* Assets.xcassets */ = {isa = PBXFileReference; lastKnownFileType = folder.assetcatalog; path = Assets.xcassets; sourceTree = "<group>"; };
		8C6FC4E31E7FD50000CC10E4 /* ListViewControllerSpec.swift */ = {isa = PBXFileReference; fileEncoding = 4; lastKnownFileType = sourcecode.swift; path = ListViewControllerSpec.swift; sourceTree = "<group>"; };
		8C6FC4E51E7FEB6300CC10E4 /* MapViewViewModelSpec.swift */ = {isa = PBXFileReference; fileEncoding = 4; lastKnownFileType = sourcecode.swift; path = MapViewViewModelSpec.swift; sourceTree = "<group>"; };
		8C6FC4E71E7FECDF00CC10E4 /* MapViewViewModel.swift */ = {isa = PBXFileReference; fileEncoding = 4; lastKnownFileType = sourcecode.swift; path = MapViewViewModel.swift; sourceTree = "<group>"; };
		8C6FC4E91E7FED7000CC10E4 /* MapViewControllerSpec.swift */ = {isa = PBXFileReference; fileEncoding = 4; lastKnownFileType = sourcecode.swift; path = MapViewControllerSpec.swift; sourceTree = "<group>"; };
		8C6FC4ED1E7FF77000CC10E4 /* PointAnnotation.swift */ = {isa = PBXFileReference; fileEncoding = 4; lastKnownFileType = sourcecode.swift; path = PointAnnotation.swift; sourceTree = "<group>"; };
		8C76C5B81E7F398200B26819 /* CoreLocation.framework */ = {isa = PBXFileReference; lastKnownFileType = wrapper.framework; name = CoreLocation.framework; path = System/Library/Frameworks/CoreLocation.framework; sourceTree = SDKROOT; };
		8C76C5BA1E7F3B9A00B26819 /* CellViewModel.swift */ = {isa = PBXFileReference; fileEncoding = 4; lastKnownFileType = sourcecode.swift; path = CellViewModel.swift; sourceTree = "<group>"; };
		8C76C5BC1E7F3C0000B26819 /* PlaceListCellViewModelSpec.swift */ = {isa = PBXFileReference; fileEncoding = 4; lastKnownFileType = sourcecode.swift; path = PlaceListCellViewModelSpec.swift; sourceTree = "<group>"; };
		8C76C5BE1E7F40C100B26819 /* PlaceListCellViewModel.swift */ = {isa = PBXFileReference; fileEncoding = 4; lastKnownFileType = sourcecode.swift; path = PlaceListCellViewModel.swift; sourceTree = "<group>"; };
		8C76C5C21E7F439400B26819 /* TableViewCell.swift */ = {isa = PBXFileReference; fileEncoding = 4; lastKnownFileType = sourcecode.swift; path = TableViewCell.swift; sourceTree = "<group>"; };
		8C76C5C41E7F43E200B26819 /* PlaceListCellSpec.swift */ = {isa = PBXFileReference; fileEncoding = 4; lastKnownFileType = sourcecode.swift; path = PlaceListCellSpec.swift; sourceTree = "<group>"; };
		8C76C5C71E7F46BA00B26819 /* PlaceListCell.swift */ = {isa = PBXFileReference; fileEncoding = 4; lastKnownFileType = sourcecode.swift; path = PlaceListCell.swift; sourceTree = "<group>"; };
		8C8D0D5D1E80032400F77B2E /* CalloutViewViewModelSpec.swift */ = {isa = PBXFileReference; fileEncoding = 4; lastKnownFileType = sourcecode.swift; path = CalloutViewViewModelSpec.swift; sourceTree = "<group>"; };
		8C8D0D611E80037400F77B2E /* View.swift */ = {isa = PBXFileReference; fileEncoding = 4; lastKnownFileType = sourcecode.swift; path = View.swift; sourceTree = "<group>"; };
		8C8D0D631E80045600F77B2E /* ViewViewModel.swift */ = {isa = PBXFileReference; fileEncoding = 4; lastKnownFileType = sourcecode.swift; path = ViewViewModel.swift; sourceTree = "<group>"; };
		8C8D0D651E8004CB00F77B2E /* CalloutViewViewModel.swift */ = {isa = PBXFileReference; fileEncoding = 4; lastKnownFileType = sourcecode.swift; path = CalloutViewViewModel.swift; sourceTree = "<group>"; };
		8C8D0D671E80075700F77B2E /* CalloutViewSpec.swift */ = {isa = PBXFileReference; fileEncoding = 4; lastKnownFileType = sourcecode.swift; path = CalloutViewSpec.swift; sourceTree = "<group>"; };
		8C8D0D691E80081500F77B2E /* CalloutView.swift */ = {isa = PBXFileReference; fileEncoding = 4; lastKnownFileType = sourcecode.swift; path = CalloutView.swift; sourceTree = "<group>"; };
		8C8D0D6A1E80081500F77B2E /* CalloutView.xib */ = {isa = PBXFileReference; fileEncoding = 4; lastKnownFileType = file.xib; path = CalloutView.xib; sourceTree = "<group>"; };
		8C9CC77E1E7ED4FE005D13A1 /* ListViewController.swift */ = {isa = PBXFileReference; fileEncoding = 4; lastKnownFileType = sourcecode.swift; path = ListViewController.swift; sourceTree = "<group>"; };
		8C9CC7801E7ED506005D13A1 /* MapViewController.swift */ = {isa = PBXFileReference; fileEncoding = 4; lastKnownFileType = sourcecode.swift; path = MapViewController.swift; sourceTree = "<group>"; };
		8C9CC7841E7EDE1C005D13A1 /* DataProvider.swift */ = {isa = PBXFileReference; fileEncoding = 4; lastKnownFileType = sourcecode.swift; path = DataProvider.swift; sourceTree = "<group>"; };
		8C9CC7871E7EE5DB005D13A1 /* URLFactory.swift */ = {isa = PBXFileReference; fileEncoding = 4; lastKnownFileType = sourcecode.swift; name = URLFactory.swift; path = URLFactories/URLFactory.swift; sourceTree = "<group>"; };
		8C9CC78B1E7EE67A005D13A1 /* PlacesAroundLocationURLFactory.swift */ = {isa = PBXFileReference; fileEncoding = 4; lastKnownFileType = sourcecode.swift; path = PlacesAroundLocationURLFactory.swift; sourceTree = "<group>"; };
		8C9CC78D1E7EE693005D13A1 /* PlacesAroundLocationDataProvider.swift */ = {isa = PBXFileReference; fileEncoding = 4; lastKnownFileType = sourcecode.swift; path = PlacesAroundLocationDataProvider.swift; sourceTree = "<group>"; };
		8C9CC78F1E7EE6FA005D13A1 /* PlacesAroundLocationURLFactorySpec.swift */ = {isa = PBXFileReference; fileEncoding = 4; lastKnownFileType = sourcecode.swift; path = PlacesAroundLocationURLFactorySpec.swift; sourceTree = "<group>"; };
		8C9CC7911E7EF50B005D13A1 /* PlacesAroundLocationDataProviderSpec.swift */ = {isa = PBXFileReference; fileEncoding = 4; lastKnownFileType = sourcecode.swift; path = PlacesAroundLocationDataProviderSpec.swift; sourceTree = "<group>"; };
		8C9CC7931E7EF920005D13A1 /* MockData.swift */ = {isa = PBXFileReference; fileEncoding = 4; lastKnownFileType = sourcecode.swift; path = MockData.swift; sourceTree = "<group>"; };
		8C9CC7961E7F16E3005D13A1 /* ResponseWithData.json */ = {isa = PBXFileReference; fileEncoding = 4; lastKnownFileType = text.json; path = ResponseWithData.json; sourceTree = "<group>"; };
		8C9CC7991E7F2881005D13A1 /* ViewControllerViewModel.swift */ = {isa = PBXFileReference; fileEncoding = 4; lastKnownFileType = sourcecode.swift; path = ViewControllerViewModel.swift; sourceTree = "<group>"; };
		8C9CC79B1E7F28A6005D13A1 /* ListViewViewModelSpec.swift */ = {isa = PBXFileReference; fileEncoding = 4; lastKnownFileType = sourcecode.swift; path = ListViewViewModelSpec.swift; sourceTree = "<group>"; };
		8C9CC79E1E7F3102005D13A1 /* ListViewViewModel.swift */ = {isa = PBXFileReference; fileEncoding = 4; lastKnownFileType = sourcecode.swift; path = ListViewViewModel.swift; sourceTree = "<group>"; };
		8CAA5A2A1E7EB4C400D620C5 /* BarsAroundMe.app */ = {isa = PBXFileReference; explicitFileType = wrapper.application; includeInIndex = 0; path = BarsAroundMe.app; sourceTree = BUILT_PRODUCTS_DIR; };
		8CAA5A341E7EB4C400D620C5 /* Base */ = {isa = PBXFileReference; lastKnownFileType = file.storyboard; name = Base; path = Base.lproj/Main.storyboard; sourceTree = "<group>"; };
		8CAA5A391E7EB4C400D620C5 /* Base */ = {isa = PBXFileReference; lastKnownFileType = file.storyboard; name = Base; path = Base.lproj/LaunchScreen.storyboard; sourceTree = "<group>"; };
		8CAA5A401E7EB4C400D620C5 /* BarsAroundMeTests.xctest */ = {isa = PBXFileReference; explicitFileType = wrapper.cfbundle; includeInIndex = 0; path = BarsAroundMeTests.xctest; sourceTree = BUILT_PRODUCTS_DIR; };
		8CAA5A461E7EB4C400D620C5 /* Info.plist */ = {isa = PBXFileReference; lastKnownFileType = text.plist.xml; path = Info.plist; sourceTree = "<group>"; };
		8CAA5A571E7EB62800D620C5 /* Info.plist */ = {isa = PBXFileReference; fileEncoding = 4; lastKnownFileType = text.plist.xml; path = Info.plist; sourceTree = "<group>"; };
		8CAA5A5A1E7EB6AD00D620C5 /* AppDelegate.swift */ = {isa = PBXFileReference; fileEncoding = 4; lastKnownFileType = sourcecode.swift; path = AppDelegate.swift; sourceTree = "<group>"; };
		8CAA5A681E7EC23200D620C5 /* Place.swift */ = {isa = PBXFileReference; fileEncoding = 4; lastKnownFileType = sourcecode.swift; path = Place.swift; sourceTree = "<group>"; };
		8CAA5A6A1E7EC30D00D620C5 /* PlaceModelTests.swift */ = {isa = PBXFileReference; fileEncoding = 4; lastKnownFileType = sourcecode.swift; path = PlaceModelTests.swift; sourceTree = "<group>"; };
		8CC28EAB1E806B79006550DF /* GetCurretLocationService.swift */ = {isa = PBXFileReference; fileEncoding = 4; lastKnownFileType = sourcecode.swift; name = GetCurretLocationService.swift; path = Location/private/GetCurretLocationService.swift; sourceTree = "<group>"; };
		8CC28EAE1E807823006550DF /* FakeLocation.gpx */ = {isa = PBXFileReference; lastKnownFileType = text.xml; name = FakeLocation.gpx; path = BarsAroundMe/Resources/FakeLocation.gpx; sourceTree = SOURCE_ROOT; };
		8CC28EAF1E807F16006550DF /* LocationService.swift */ = {isa = PBXFileReference; fileEncoding = 4; lastKnownFileType = sourcecode.swift; name = LocationService.swift; path = Location/LocationService.swift; sourceTree = "<group>"; };
		8CC28EB11E808005006550DF /* GetCurrentLocationServiceSpec.swift */ = {isa = PBXFileReference; fileEncoding = 4; lastKnownFileType = sourcecode.swift; path = GetCurrentLocationServiceSpec.swift; sourceTree = "<group>"; };
		AE9F651ED445DAD56AC0A5DA /* Pods-BarsAroundMeTests.release.xcconfig */ = {isa = PBXFileReference; includeInIndex = 1; lastKnownFileType = text.xcconfig; name = "Pods-BarsAroundMeTests.release.xcconfig"; path = "Pods/Target Support Files/Pods-BarsAroundMeTests/Pods-BarsAroundMeTests.release.xcconfig"; sourceTree = "<group>"; };
		B0E17E9E1F70EC816FA22FB5 /* Pods-BarsAroundMe.release.xcconfig */ = {isa = PBXFileReference; includeInIndex = 1; lastKnownFileType = text.xcconfig; name = "Pods-BarsAroundMe.release.xcconfig"; path = "Pods/Target Support Files/Pods-BarsAroundMe/Pods-BarsAroundMe.release.xcconfig"; sourceTree = "<group>"; };
		BBE358804D60C7BE3E0016FF /* Pods-BarsAroundMe.debug.xcconfig */ = {isa = PBXFileReference; includeInIndex = 1; lastKnownFileType = text.xcconfig; name = "Pods-BarsAroundMe.debug.xcconfig"; path = "Pods/Target Support Files/Pods-BarsAroundMe/Pods-BarsAroundMe.debug.xcconfig"; sourceTree = "<group>"; };
		D985FBC798FBB6C97D98A853 /* Pods_BarsAroundMeTests.framework */ = {isa = PBXFileReference; explicitFileType = wrapper.framework; includeInIndex = 0; path = Pods_BarsAroundMeTests.framework; sourceTree = BUILT_PRODUCTS_DIR; };
/* End PBXFileReference section */

/* Begin PBXFrameworksBuildPhase section */
		8CAA5A271E7EB4C400D620C5 /* Frameworks */ = {
			isa = PBXFrameworksBuildPhase;
			buildActionMask = 2147483647;
			files = (
				D7398F6998B15E2DC7715F9D /* Pods_BarsAroundMe.framework in Frameworks */,
			);
			runOnlyForDeploymentPostprocessing = 0;
		};
		8CAA5A3D1E7EB4C400D620C5 /* Frameworks */ = {
			isa = PBXFrameworksBuildPhase;
			buildActionMask = 2147483647;
			files = (
				8C76C5B91E7F398200B26819 /* CoreLocation.framework in Frameworks */,
				9D009EE7670719D912AF990F /* Pods_BarsAroundMeTests.framework in Frameworks */,
			);
			runOnlyForDeploymentPostprocessing = 0;
		};
/* End PBXFrameworksBuildPhase section */

/* Begin PBXGroup section */
		8C6FC4EC1E7FF75B00CC10E4 /* Map */ = {
			isa = PBXGroup;
			children = (
				8C6FC4ED1E7FF77000CC10E4 /* PointAnnotation.swift */,
			);
			path = Map;
			sourceTree = "<group>";
		};
		8C76C5C01E7F437A00B26819 /* Views */ = {
			isa = PBXGroup;
			children = (
				8C8D0D5F1E80035E00F77B2E /* Views */,
				8C76C5C11E7F437A00B26819 /* Cells */,
			);
			path = Views;
			sourceTree = "<group>";
		};
		8C76C5C11E7F437A00B26819 /* Cells */ = {
			isa = PBXGroup;
			children = (
				8C76C5C21E7F439400B26819 /* TableViewCell.swift */,
				8C76C5C61E7F46A100B26819 /* private */,
			);
			path = Cells;
			sourceTree = "<group>";
		};
		8C76C5C61E7F46A100B26819 /* private */ = {
			isa = PBXGroup;
			children = (
				8C76C5C71E7F46BA00B26819 /* PlaceListCell.swift */,
			);
			path = private;
			sourceTree = "<group>";
		};
		8C8D0D5F1E80035E00F77B2E /* Views */ = {
			isa = PBXGroup;
			children = (
				8C8D0D611E80037400F77B2E /* View.swift */,
				8C8D0D601E80035E00F77B2E /* private */,
			);
			path = Views;
			sourceTree = "<group>";
		};
		8C8D0D601E80035E00F77B2E /* private */ = {
			isa = PBXGroup;
			children = (
				8C8D0D691E80081500F77B2E /* CalloutView.swift */,
				8C8D0D6A1E80081500F77B2E /* CalloutView.xib */,
			);
			path = private;
			sourceTree = "<group>";
		};
		8C9CC77D1E7ED4D9005D13A1 /* ViewControllers */ = {
			isa = PBXGroup;
			children = (
				8C9CC77E1E7ED4FE005D13A1 /* ListViewController.swift */,
				8C9CC7801E7ED506005D13A1 /* MapViewController.swift */,
			);
			path = ViewControllers;
			sourceTree = "<group>";
		};
		8C9CC7821E7EDDCB005D13A1 /* Services */ = {
			isa = PBXGroup;
			children = (
				8C9CC7861E7EE5C0005D13A1 /* URLFactories */,
				8C9CC7831E7EDDCB005D13A1 /* DataProviders */,
			);
			path = Services;
			sourceTree = "<group>";
		};
		8C9CC7831E7EDDCB005D13A1 /* DataProviders */ = {
			isa = PBXGroup;
			children = (
				8C9CC7841E7EDE1C005D13A1 /* DataProvider.swift */,
				8C9CC78A1E7EE5F2005D13A1 /* private */,
			);
			path = DataProviders;
			sourceTree = "<group>";
		};
		8C9CC7861E7EE5C0005D13A1 /* URLFactories */ = {
			isa = PBXGroup;
			children = (
				8C9CC7871E7EE5DB005D13A1 /* URLFactory.swift */,
				8C9CC7891E7EE5ED005D13A1 /* private */,
			);
			name = URLFactories;
			sourceTree = "<group>";
		};
		8C9CC7891E7EE5ED005D13A1 /* private */ = {
			isa = PBXGroup;
			children = (
				8C9CC78B1E7EE67A005D13A1 /* PlacesAroundLocationURLFactory.swift */,
			);
			name = private;
			path = URLFactories/private;
			sourceTree = "<group>";
		};
		8C9CC78A1E7EE5F2005D13A1 /* private */ = {
			isa = PBXGroup;
			children = (
				8C9CC78D1E7EE693005D13A1 /* PlacesAroundLocationDataProvider.swift */,
			);
			path = private;
			sourceTree = "<group>";
		};
		8C9CC7951E7F16E3005D13A1 /* MockData */ = {
			isa = PBXGroup;
			children = (
				8C9CC7961E7F16E3005D13A1 /* ResponseWithData.json */,
			);
			path = MockData;
			sourceTree = "<group>";
		};
		8C9CC7981E7F2863005D13A1 /* ViewModels */ = {
			isa = PBXGroup;
			children = (
				8C9CC7991E7F2881005D13A1 /* ViewControllerViewModel.swift */,
				8C8D0D631E80045600F77B2E /* ViewViewModel.swift */,
				8C76C5BA1E7F3B9A00B26819 /* CellViewModel.swift */,
				8C9CC79D1E7F30F2005D13A1 /* private */,
			);
			path = ViewModels;
			sourceTree = "<group>";
		};
		8C9CC79D1E7F30F2005D13A1 /* private */ = {
			isa = PBXGroup;
			children = (
				8C9CC79E1E7F3102005D13A1 /* ListViewViewModel.swift */,
				8C6FC4E71E7FECDF00CC10E4 /* MapViewViewModel.swift */,
				8C76C5BE1E7F40C100B26819 /* PlaceListCellViewModel.swift */,
				8C8D0D651E8004CB00F77B2E /* CalloutViewViewModel.swift */,
			);
			path = private;
			sourceTree = "<group>";
		};
		8CAA5A211E7EB4C400D620C5 = {
			isa = PBXGroup;
			children = (
				8CAA5A2C1E7EB4C400D620C5 /* BarsAroundMe */,
				8CAA5A431E7EB4C400D620C5 /* BarsAroundMeTests */,
				8CAA5A2B1E7EB4C400D620C5 /* Products */,
				C1E2AD252079081CDB002FCF /* Pods */,
				B847E91BAD0F5D08A7B78C38 /* Frameworks */,
			);
			sourceTree = "<group>";
		};
		8CAA5A2B1E7EB4C400D620C5 /* Products */ = {
			isa = PBXGroup;
			children = (
				8CAA5A2A1E7EB4C400D620C5 /* BarsAroundMe.app */,
				8CAA5A401E7EB4C400D620C5 /* BarsAroundMeTests.xctest */,
			);
			name = Products;
			sourceTree = "<group>";
		};
		8CAA5A2C1E7EB4C400D620C5 /* BarsAroundMe */ = {
			isa = PBXGroup;
			children = (
				8CAA5A591E7EB6AD00D620C5 /* Classes */,
				8CAA5A541E7EB5FE00D620C5 /* Resources */,
				8CAA5A531E7EB5EF00D620C5 /* Storyboards */,
			);
			path = BarsAroundMe;
			sourceTree = "<group>";
		};
		8CAA5A431E7EB4C400D620C5 /* BarsAroundMeTests */ = {
			isa = PBXGroup;
			children = (
				8C9CC7951E7F16E3005D13A1 /* MockData */,
				8CAA5A461E7EB4C400D620C5 /* Info.plist */,
				8CAA5A6A1E7EC30D00D620C5 /* PlaceModelTests.swift */,
				8C9CC78F1E7EE6FA005D13A1 /* PlacesAroundLocationURLFactorySpec.swift */,
				8C9CC7911E7EF50B005D13A1 /* PlacesAroundLocationDataProviderSpec.swift */,
				8C9CC79B1E7F28A6005D13A1 /* ListViewViewModelSpec.swift */,
				8C6FC4E51E7FEB6300CC10E4 /* MapViewViewModelSpec.swift */,
				8C76C5BC1E7F3C0000B26819 /* PlaceListCellViewModelSpec.swift */,
				8C76C5C41E7F43E200B26819 /* PlaceListCellSpec.swift */,
				8C6FC4E31E7FD50000CC10E4 /* ListViewControllerSpec.swift */,
				8C6FC4E91E7FED7000CC10E4 /* MapViewControllerSpec.swift */,
				8C8D0D5D1E80032400F77B2E /* CalloutViewViewModelSpec.swift */,
				8C8D0D671E80075700F77B2E /* CalloutViewSpec.swift */,
				8CC28EB11E808005006550DF /* GetCurrentLocationServiceSpec.swift */,
				8C9CC7931E7EF920005D13A1 /* MockData.swift */,
			);
			path = BarsAroundMeTests;
			sourceTree = "<group>";
		};
		8CAA5A531E7EB5EF00D620C5 /* Storyboards */ = {
			isa = PBXGroup;
			children = (
				8CAA5A331E7EB4C400D620C5 /* Main.storyboard */,
				8CAA5A381E7EB4C400D620C5 /* LaunchScreen.storyboard */,
			);
			name = Storyboards;
			sourceTree = "<group>";
		};
		8CAA5A541E7EB5FE00D620C5 /* Resources */ = {
			isa = PBXGroup;
			children = (
				8C0578881E81CDF600FA2D29 /* Assets.xcassets */,
				8CC28EAE1E807823006550DF /* FakeLocation.gpx */,
				8CAA5A571E7EB62800D620C5 /* Info.plist */,
			);
			path = Resources;
			sourceTree = "<group>";
		};
		8CAA5A591E7EB6AD00D620C5 /* Classes */ = {
			isa = PBXGroup;
			children = (
				8CC28EAA1E806B1B006550DF /* Location */,
				8C6FC4EC1E7FF75B00CC10E4 /* Map */,
				8C9CC7821E7EDDCB005D13A1 /* Services */,
				8CAA5A671E7EC23200D620C5 /* Models */,
				8C9CC7981E7F2863005D13A1 /* ViewModels */,
				8C76C5C01E7F437A00B26819 /* Views */,
				8C9CC77D1E7ED4D9005D13A1 /* ViewControllers */,
				8CAA5A5A1E7EB6AD00D620C5 /* AppDelegate.swift */,
			);
			path = Classes;
			sourceTree = "<group>";
		};
		8CAA5A671E7EC23200D620C5 /* Models */ = {
			isa = PBXGroup;
			children = (
				8CAA5A681E7EC23200D620C5 /* Place.swift */,
			);
			path = Models;
			sourceTree = "<group>";
		};
		8CC28EAA1E806B1B006550DF /* Location */ = {
			isa = PBXGroup;
			children = (
				8CC28EAF1E807F16006550DF /* LocationService.swift */,
				8CC28EAD1E806B82006550DF /* private */,
			);
			name = Location;
			sourceTree = "<group>";
		};
		8CC28EAD1E806B82006550DF /* private */ = {
			isa = PBXGroup;
			children = (
				8CC28EAB1E806B79006550DF /* GetCurretLocationService.swift */,
			);
			name = private;
			sourceTree = "<group>";
		};
		B847E91BAD0F5D08A7B78C38 /* Frameworks */ = {
			isa = PBXGroup;
			children = (
				8C76C5B81E7F398200B26819 /* CoreLocation.framework */,
				353C3D46F2F845C6381C54AD /* Pods_BarsAroundMe.framework */,
				D985FBC798FBB6C97D98A853 /* Pods_BarsAroundMeTests.framework */,
			);
			name = Frameworks;
			sourceTree = "<group>";
		};
		C1E2AD252079081CDB002FCF /* Pods */ = {
			isa = PBXGroup;
			children = (
				BBE358804D60C7BE3E0016FF /* Pods-BarsAroundMe.debug.xcconfig */,
				B0E17E9E1F70EC816FA22FB5 /* Pods-BarsAroundMe.release.xcconfig */,
				47D5CA1E7B2926DDAB4A398F /* Pods-BarsAroundMeTests.debug.xcconfig */,
				AE9F651ED445DAD56AC0A5DA /* Pods-BarsAroundMeTests.release.xcconfig */,
			);
			name = Pods;
			sourceTree = "<group>";
		};
/* End PBXGroup section */

/* Begin PBXNativeTarget section */
		8CAA5A291E7EB4C400D620C5 /* BarsAroundMe */ = {
			isa = PBXNativeTarget;
			buildConfigurationList = 8CAA5A491E7EB4C400D620C5 /* Build configuration list for PBXNativeTarget "BarsAroundMe" */;
			buildPhases = (
				478DECF4C478582ADDE67B06 /* [CP] Check Pods Manifest.lock */,
				8CAA5A261E7EB4C400D620C5 /* Sources */,
				8CAA5A271E7EB4C400D620C5 /* Frameworks */,
				8CAA5A281E7EB4C400D620C5 /* Resources */,
				08D10A55B6EE32192CA0F14B /* [CP] Embed Pods Frameworks */,
				2CD544C39332E0EA71E3E331 /* [CP] Copy Pods Resources */,
			);
			buildRules = (
			);
			dependencies = (
			);
			name = BarsAroundMe;
			productName = BarsAroundMe;
			productReference = 8CAA5A2A1E7EB4C400D620C5 /* BarsAroundMe.app */;
			productType = "com.apple.product-type.application";
		};
		8CAA5A3F1E7EB4C400D620C5 /* BarsAroundMeTests */ = {
			isa = PBXNativeTarget;
			buildConfigurationList = 8CAA5A4C1E7EB4C400D620C5 /* Build configuration list for PBXNativeTarget "BarsAroundMeTests" */;
			buildPhases = (
				C176049581772CA596C99F12 /* [CP] Check Pods Manifest.lock */,
				8CAA5A3C1E7EB4C400D620C5 /* Sources */,
				8CAA5A3D1E7EB4C400D620C5 /* Frameworks */,
				8CAA5A3E1E7EB4C400D620C5 /* Resources */,
				FF1CB5D1B6C6489DE314FD8D /* [CP] Embed Pods Frameworks */,
				1B6C2A017CBC6B262335B8E9 /* [CP] Copy Pods Resources */,
			);
			buildRules = (
			);
			dependencies = (
				8CAA5A421E7EB4C400D620C5 /* PBXTargetDependency */,
			);
			name = BarsAroundMeTests;
			productName = BarsAroundMeTests;
			productReference = 8CAA5A401E7EB4C400D620C5 /* BarsAroundMeTests.xctest */;
			productType = "com.apple.product-type.bundle.unit-test";
		};
/* End PBXNativeTarget section */

/* Begin PBXProject section */
		8CAA5A221E7EB4C400D620C5 /* Project object */ = {
			isa = PBXProject;
			attributes = {
				LastSwiftUpdateCheck = 0820;
				LastUpgradeCheck = 0820;
				ORGANIZATIONNAME = "Giorgos Ampavis";
				TargetAttributes = {
					8CAA5A291E7EB4C400D620C5 = {
						CreatedOnToolsVersion = 8.2.1;
						DevelopmentTeam = ZP86MH423K;
						ProvisioningStyle = Automatic;
					};
					8CAA5A3F1E7EB4C400D620C5 = {
						CreatedOnToolsVersion = 8.2.1;
						DevelopmentTeam = ZP86MH423K;
						ProvisioningStyle = Automatic;
						TestTargetID = 8CAA5A291E7EB4C400D620C5;
					};
				};
			};
			buildConfigurationList = 8CAA5A251E7EB4C400D620C5 /* Build configuration list for PBXProject "BarsAroundMe" */;
			compatibilityVersion = "Xcode 3.2";
			developmentRegion = English;
			hasScannedForEncodings = 0;
			knownRegions = (
				en,
				Base,
			);
			mainGroup = 8CAA5A211E7EB4C400D620C5;
			productRefGroup = 8CAA5A2B1E7EB4C400D620C5 /* Products */;
			projectDirPath = "";
			projectRoot = "";
			targets = (
				8CAA5A291E7EB4C400D620C5 /* BarsAroundMe */,
				8CAA5A3F1E7EB4C400D620C5 /* BarsAroundMeTests */,
			);
		};
/* End PBXProject section */

/* Begin PBXResourcesBuildPhase section */
		8CAA5A281E7EB4C400D620C5 /* Resources */ = {
			isa = PBXResourcesBuildPhase;
			buildActionMask = 2147483647;
			files = (
				8CAA5A581E7EB62800D620C5 /* Info.plist in Resources */,
				8CAA5A3A1E7EB4C400D620C5 /* LaunchScreen.storyboard in Resources */,
				8CAA5A351E7EB4C400D620C5 /* Main.storyboard in Resources */,
				8C8D0D6C1E80081500F77B2E /* CalloutView.xib in Resources */,
				8C0578891E81CDF600FA2D29 /* Assets.xcassets in Resources */,
			);
			runOnlyForDeploymentPostprocessing = 0;
		};
		8CAA5A3E1E7EB4C400D620C5 /* Resources */ = {
			isa = PBXResourcesBuildPhase;
			buildActionMask = 2147483647;
			files = (
				8C9CC7971E7F16E3005D13A1 /* ResponseWithData.json in Resources */,
			);
			runOnlyForDeploymentPostprocessing = 0;
		};
/* End PBXResourcesBuildPhase section */

/* Begin PBXShellScriptBuildPhase section */
		08D10A55B6EE32192CA0F14B /* [CP] Embed Pods Frameworks */ = {
			isa = PBXShellScriptBuildPhase;
			buildActionMask = 2147483647;
			files = (
			);
			inputPaths = (
			);
			name = "[CP] Embed Pods Frameworks";
			outputPaths = (
			);
			runOnlyForDeploymentPostprocessing = 0;
			shellPath = /bin/sh;
			shellScript = "\"${SRCROOT}/Pods/Target Support Files/Pods-BarsAroundMe/Pods-BarsAroundMe-frameworks.sh\"\n";
			showEnvVarsInLog = 0;
		};
		1B6C2A017CBC6B262335B8E9 /* [CP] Copy Pods Resources */ = {
			isa = PBXShellScriptBuildPhase;
			buildActionMask = 2147483647;
			files = (
			);
			inputPaths = (
			);
			name = "[CP] Copy Pods Resources";
			outputPaths = (
			);
			runOnlyForDeploymentPostprocessing = 0;
			shellPath = /bin/sh;
			shellScript = "\"${SRCROOT}/Pods/Target Support Files/Pods-BarsAroundMeTests/Pods-BarsAroundMeTests-resources.sh\"\n";
			showEnvVarsInLog = 0;
		};
		2CD544C39332E0EA71E3E331 /* [CP] Copy Pods Resources */ = {
			isa = PBXShellScriptBuildPhase;
			buildActionMask = 2147483647;
			files = (
			);
			inputPaths = (
			);
			name = "[CP] Copy Pods Resources";
			outputPaths = (
			);
			runOnlyForDeploymentPostprocessing = 0;
			shellPath = /bin/sh;
			shellScript = "\"${SRCROOT}/Pods/Target Support Files/Pods-BarsAroundMe/Pods-BarsAroundMe-resources.sh\"\n";
			showEnvVarsInLog = 0;
		};
		478DECF4C478582ADDE67B06 /* [CP] Check Pods Manifest.lock */ = {
			isa = PBXShellScriptBuildPhase;
			buildActionMask = 2147483647;
			files = (
			);
			inputPaths = (
			);
			name = "[CP] Check Pods Manifest.lock";
			outputPaths = (
			);
			runOnlyForDeploymentPostprocessing = 0;
			shellPath = /bin/sh;
			shellScript = "diff \"${PODS_ROOT}/../Podfile.lock\" \"${PODS_ROOT}/Manifest.lock\" > /dev/null\nif [ $? != 0 ] ; then\n    # print error to STDERR\n    echo \"error: The sandbox is not in sync with the Podfile.lock. Run 'pod install' or update your CocoaPods installation.\" >&2\n    exit 1\nfi\n";
			showEnvVarsInLog = 0;
		};
		C176049581772CA596C99F12 /* [CP] Check Pods Manifest.lock */ = {
			isa = PBXShellScriptBuildPhase;
			buildActionMask = 2147483647;
			files = (
			);
			inputPaths = (
			);
			name = "[CP] Check Pods Manifest.lock";
			outputPaths = (
			);
			runOnlyForDeploymentPostprocessing = 0;
			shellPath = /bin/sh;
			shellScript = "diff \"${PODS_ROOT}/../Podfile.lock\" \"${PODS_ROOT}/Manifest.lock\" > /dev/null\nif [ $? != 0 ] ; then\n    # print error to STDERR\n    echo \"error: The sandbox is not in sync with the Podfile.lock. Run 'pod install' or update your CocoaPods installation.\" >&2\n    exit 1\nfi\n";
			showEnvVarsInLog = 0;
		};
		FF1CB5D1B6C6489DE314FD8D /* [CP] Embed Pods Frameworks */ = {
			isa = PBXShellScriptBuildPhase;
			buildActionMask = 2147483647;
			files = (
			);
			inputPaths = (
			);
			name = "[CP] Embed Pods Frameworks";
			outputPaths = (
			);
			runOnlyForDeploymentPostprocessing = 0;
			shellPath = /bin/sh;
			shellScript = "\"${SRCROOT}/Pods/Target Support Files/Pods-BarsAroundMeTests/Pods-BarsAroundMeTests-frameworks.sh\"\n";
			showEnvVarsInLog = 0;
		};
/* End PBXShellScriptBuildPhase section */

/* Begin PBXSourcesBuildPhase section */
		8CAA5A261E7EB4C400D620C5 /* Sources */ = {
			isa = PBXSourcesBuildPhase;
			buildActionMask = 2147483647;
			files = (
				8C6FC4E81E7FECDF00CC10E4 /* MapViewViewModel.swift in Sources */,
				8C76C5C31E7F439400B26819 /* TableViewCell.swift in Sources */,
				8C9CC79F1E7F3102005D13A1 /* ListViewViewModel.swift in Sources */,
				8C8D0D6B1E80081500F77B2E /* CalloutView.swift in Sources */,
				8C9CC78E1E7EE693005D13A1 /* PlacesAroundLocationDataProvider.swift in Sources */,
				8C8D0D621E80037400F77B2E /* View.swift in Sources */,
				8CC28EB01E807F16006550DF /* LocationService.swift in Sources */,
				8C76C5BB1E7F3B9A00B26819 /* CellViewModel.swift in Sources */,
				8C6FC4EE1E7FF77000CC10E4 /* PointAnnotation.swift in Sources */,
				8C8D0D661E8004CB00F77B2E /* CalloutViewViewModel.swift in Sources */,
				8CAA5A5D1E7EB6AD00D620C5 /* AppDelegate.swift in Sources */,
				8CAA5A691E7EC23200D620C5 /* Place.swift in Sources */,
				8C9CC7881E7EE5DB005D13A1 /* URLFactory.swift in Sources */,
				8C76C5C81E7F46BA00B26819 /* PlaceListCell.swift in Sources */,
				8C76C5BF1E7F40C100B26819 /* PlaceListCellViewModel.swift in Sources */,
				8CC28EAC1E806B79006550DF /* GetCurretLocationService.swift in Sources */,
				8C9CC79A1E7F2881005D13A1 /* ViewControllerViewModel.swift in Sources */,
				8C8D0D641E80045600F77B2E /* ViewViewModel.swift in Sources */,
				8C9CC7851E7EDE1C005D13A1 /* DataProvider.swift in Sources */,
				8C9CC77F1E7ED4FE005D13A1 /* ListViewController.swift in Sources */,
				8C9CC7811E7ED506005D13A1 /* MapViewController.swift in Sources */,
				8C9CC78C1E7EE67A005D13A1 /* PlacesAroundLocationURLFactory.swift in Sources */,
			);
			runOnlyForDeploymentPostprocessing = 0;
		};
		8CAA5A3C1E7EB4C400D620C5 /* Sources */ = {
			isa = PBXSourcesBuildPhase;
			buildActionMask = 2147483647;
			files = (
				8C9CC79C1E7F28A6005D13A1 /* ListViewViewModelSpec.swift in Sources */,
				8C6FC4E61E7FEB6300CC10E4 /* MapViewViewModelSpec.swift in Sources */,
				8C8D0D681E80075700F77B2E /* CalloutViewSpec.swift in Sources */,
				8CAA5A6B1E7EC30D00D620C5 /* PlaceModelTests.swift in Sources */,
				8C9CC7941E7EF920005D13A1 /* MockData.swift in Sources */,
				8C8D0D5E1E80032400F77B2E /* CalloutViewViewModelSpec.swift in Sources */,
				8C76C5C51E7F43E200B26819 /* PlaceListCellSpec.swift in Sources */,
				8C9CC7901E7EE6FA005D13A1 /* PlacesAroundLocationURLFactorySpec.swift in Sources */,
				8C6FC4EA1E7FED7000CC10E4 /* MapViewControllerSpec.swift in Sources */,
				8C6FC4E41E7FD50000CC10E4 /* ListViewControllerSpec.swift in Sources */,
				8C9CC7921E7EF50B005D13A1 /* PlacesAroundLocationDataProviderSpec.swift in Sources */,
				8C76C5BD1E7F3C0000B26819 /* PlaceListCellViewModelSpec.swift in Sources */,
				8CC28EB21E808005006550DF /* GetCurrentLocationServiceSpec.swift in Sources */,
			);
			runOnlyForDeploymentPostprocessing = 0;
		};
/* End PBXSourcesBuildPhase section */

/* Begin PBXTargetDependency section */
		8CAA5A421E7EB4C400D620C5 /* PBXTargetDependency */ = {
			isa = PBXTargetDependency;
			target = 8CAA5A291E7EB4C400D620C5 /* BarsAroundMe */;
			targetProxy = 8CAA5A411E7EB4C400D620C5 /* PBXContainerItemProxy */;
		};
/* End PBXTargetDependency section */

/* Begin PBXVariantGroup section */
		8CAA5A331E7EB4C400D620C5 /* Main.storyboard */ = {
			isa = PBXVariantGroup;
			children = (
				8CAA5A341E7EB4C400D620C5 /* Base */,
			);
			name = Main.storyboard;
			sourceTree = "<group>";
		};
		8CAA5A381E7EB4C400D620C5 /* LaunchScreen.storyboard */ = {
			isa = PBXVariantGroup;
			children = (
				8CAA5A391E7EB4C400D620C5 /* Base */,
			);
			name = LaunchScreen.storyboard;
			sourceTree = "<group>";
		};
/* End PBXVariantGroup section */

/* Begin XCBuildConfiguration section */
		8CAA5A471E7EB4C400D620C5 /* Debug */ = {
			isa = XCBuildConfiguration;
			buildSettings = {
				ALWAYS_SEARCH_USER_PATHS = NO;
				CLANG_ANALYZER_NONNULL = YES;
				CLANG_CXX_LANGUAGE_STANDARD = "gnu++0x";
				CLANG_CXX_LIBRARY = "libc++";
				CLANG_ENABLE_MODULES = YES;
				CLANG_ENABLE_OBJC_ARC = YES;
				CLANG_WARN_BOOL_CONVERSION = YES;
				CLANG_WARN_CONSTANT_CONVERSION = YES;
				CLANG_WARN_DIRECT_OBJC_ISA_USAGE = YES_ERROR;
				CLANG_WARN_DOCUMENTATION_COMMENTS = YES;
				CLANG_WARN_EMPTY_BODY = YES;
				CLANG_WARN_ENUM_CONVERSION = YES;
				CLANG_WARN_INFINITE_RECURSION = YES;
				CLANG_WARN_INT_CONVERSION = YES;
				CLANG_WARN_OBJC_ROOT_CLASS = YES_ERROR;
				CLANG_WARN_SUSPICIOUS_MOVE = YES;
				CLANG_WARN_UNREACHABLE_CODE = YES;
				CLANG_WARN__DUPLICATE_METHOD_MATCH = YES;
				"CODE_SIGN_IDENTITY[sdk=iphoneos*]" = "iPhone Developer";
				COPY_PHASE_STRIP = NO;
				DEBUG_INFORMATION_FORMAT = dwarf;
				ENABLE_STRICT_OBJC_MSGSEND = YES;
				ENABLE_TESTABILITY = YES;
				GCC_C_LANGUAGE_STANDARD = gnu99;
				GCC_DYNAMIC_NO_PIC = NO;
				GCC_NO_COMMON_BLOCKS = YES;
				GCC_OPTIMIZATION_LEVEL = 0;
				GCC_PREPROCESSOR_DEFINITIONS = (
					"DEBUG=1",
					"$(inherited)",
				);
				GCC_WARN_64_TO_32_BIT_CONVERSION = YES;
				GCC_WARN_ABOUT_RETURN_TYPE = YES_ERROR;
				GCC_WARN_UNDECLARED_SELECTOR = YES;
				GCC_WARN_UNINITIALIZED_AUTOS = YES_AGGRESSIVE;
				GCC_WARN_UNUSED_FUNCTION = YES;
				GCC_WARN_UNUSED_VARIABLE = YES;
				IPHONEOS_DEPLOYMENT_TARGET = 10.2;
				MTL_ENABLE_DEBUG_INFO = YES;
				ONLY_ACTIVE_ARCH = YES;
				SDKROOT = iphoneos;
				SWIFT_ACTIVE_COMPILATION_CONDITIONS = DEBUG;
				SWIFT_OPTIMIZATION_LEVEL = "-Onone";
				TARGETED_DEVICE_FAMILY = "1,2";
			};
			name = Debug;
		};
		8CAA5A481E7EB4C400D620C5 /* Release */ = {
			isa = XCBuildConfiguration;
			buildSettings = {
				ALWAYS_SEARCH_USER_PATHS = NO;
				CLANG_ANALYZER_NONNULL = YES;
				CLANG_CXX_LANGUAGE_STANDARD = "gnu++0x";
				CLANG_CXX_LIBRARY = "libc++";
				CLANG_ENABLE_MODULES = YES;
				CLANG_ENABLE_OBJC_ARC = YES;
				CLANG_WARN_BOOL_CONVERSION = YES;
				CLANG_WARN_CONSTANT_CONVERSION = YES;
				CLANG_WARN_DIRECT_OBJC_ISA_USAGE = YES_ERROR;
				CLANG_WARN_DOCUMENTATION_COMMENTS = YES;
				CLANG_WARN_EMPTY_BODY = YES;
				CLANG_WARN_ENUM_CONVERSION = YES;
				CLANG_WARN_INFINITE_RECURSION = YES;
				CLANG_WARN_INT_CONVERSION = YES;
				CLANG_WARN_OBJC_ROOT_CLASS = YES_ERROR;
				CLANG_WARN_SUSPICIOUS_MOVE = YES;
				CLANG_WARN_UNREACHABLE_CODE = YES;
				CLANG_WARN__DUPLICATE_METHOD_MATCH = YES;
				"CODE_SIGN_IDENTITY[sdk=iphoneos*]" = "iPhone Developer";
				COPY_PHASE_STRIP = NO;
				DEBUG_INFORMATION_FORMAT = "dwarf-with-dsym";
				ENABLE_NS_ASSERTIONS = NO;
				ENABLE_STRICT_OBJC_MSGSEND = YES;
				GCC_C_LANGUAGE_STANDARD = gnu99;
				GCC_NO_COMMON_BLOCKS = YES;
				GCC_WARN_64_TO_32_BIT_CONVERSION = YES;
				GCC_WARN_ABOUT_RETURN_TYPE = YES_ERROR;
				GCC_WARN_UNDECLARED_SELECTOR = YES;
				GCC_WARN_UNINITIALIZED_AUTOS = YES_AGGRESSIVE;
				GCC_WARN_UNUSED_FUNCTION = YES;
				GCC_WARN_UNUSED_VARIABLE = YES;
				IPHONEOS_DEPLOYMENT_TARGET = 10.2;
				MTL_ENABLE_DEBUG_INFO = NO;
				SDKROOT = iphoneos;
				SWIFT_OPTIMIZATION_LEVEL = "-Owholemodule";
				TARGETED_DEVICE_FAMILY = "1,2";
				VALIDATE_PRODUCT = YES;
			};
			name = Release;
		};
		8CAA5A4A1E7EB4C400D620C5 /* Debug */ = {
			isa = XCBuildConfiguration;
			baseConfigurationReference = BBE358804D60C7BE3E0016FF /* Pods-BarsAroundMe.debug.xcconfig */;
			buildSettings = {
				ASSETCATALOG_COMPILER_APPICON_NAME = AppIcon;
				ASSETCATALOG_COMPILER_LAUNCHIMAGE_NAME = LaunchImage;
				DEVELOPMENT_TEAM = ZP86MH423K;
				INFOPLIST_FILE = BarsAroundMe/Resources/Info.plist;
				IPHONEOS_DEPLOYMENT_TARGET = 9.0;
				LD_RUNPATH_SEARCH_PATHS = "$(inherited) @executable_path/Frameworks";
				PRODUCT_BUNDLE_IDENTIFIER = com.zerolabzdfsd.BarsAroundMe;
				PRODUCT_NAME = "$(TARGET_NAME)";
				SWIFT_VERSION = 3.0;
			};
			name = Debug;
		};
		8CAA5A4B1E7EB4C400D620C5 /* Release */ = {
			isa = XCBuildConfiguration;
			baseConfigurationReference = B0E17E9E1F70EC816FA22FB5 /* Pods-BarsAroundMe.release.xcconfig */;
			buildSettings = {
				ASSETCATALOG_COMPILER_APPICON_NAME = AppIcon;
				ASSETCATALOG_COMPILER_LAUNCHIMAGE_NAME = LaunchImage;
				DEVELOPMENT_TEAM = ZP86MH423K;
				INFOPLIST_FILE = BarsAroundMe/Resources/Info.plist;
				IPHONEOS_DEPLOYMENT_TARGET = 9.0;
				LD_RUNPATH_SEARCH_PATHS = "$(inherited) @executable_path/Frameworks";
				PRODUCT_BUNDLE_IDENTIFIER = com.zerolabzdfsd.BarsAroundMe;
				PRODUCT_NAME = "$(TARGET_NAME)";
				SWIFT_VERSION = 3.0;
			};
			name = Release;
		};
		8CAA5A4D1E7EB4C400D620C5 /* Debug */ = {
			isa = XCBuildConfiguration;
			baseConfigurationReference = 47D5CA1E7B2926DDAB4A398F /* Pods-BarsAroundMeTests.debug.xcconfig */;
			buildSettings = {
				ALWAYS_EMBED_SWIFT_STANDARD_LIBRARIES = YES;
				BUNDLE_LOADER = "$(TEST_HOST)";
				DEVELOPMENT_TEAM = ZP86MH423K;
				INFOPLIST_FILE = BarsAroundMeTests/Info.plist;
				LD_RUNPATH_SEARCH_PATHS = "$(inherited) @executable_path/Frameworks @loader_path/Frameworks";
				PRODUCT_BUNDLE_IDENTIFIER = com.zerolabz.BarsAroundMeTests;
				PRODUCT_NAME = "$(TARGET_NAME)";
				SWIFT_VERSION = 3.0;
				TEST_HOST = "$(BUILT_PRODUCTS_DIR)/BarsAroundMe.app/BarsAroundMe";
			};
			name = Debug;
		};
		8CAA5A4E1E7EB4C400D620C5 /* Release */ = {
			isa = XCBuildConfiguration;
			baseConfigurationReference = AE9F651ED445DAD56AC0A5DA /* Pods-BarsAroundMeTests.release.xcconfig */;
			buildSettings = {
				ALWAYS_EMBED_SWIFT_STANDARD_LIBRARIES = YES;
				BUNDLE_LOADER = "$(TEST_HOST)";
				DEVELOPMENT_TEAM = ZP86MH423K;
				INFOPLIST_FILE = BarsAroundMeTests/Info.plist;
				LD_RUNPATH_SEARCH_PATHS = "$(inherited) @executable_path/Frameworks @loader_path/Frameworks";
				PRODUCT_BUNDLE_IDENTIFIER = com.zerolabz.BarsAroundMeTests;
				PRODUCT_NAME = "$(TARGET_NAME)";
				SWIFT_VERSION = 3.0;
				TEST_HOST = "$(BUILT_PRODUCTS_DIR)/BarsAroundMe.app/BarsAroundMe";
			};
			name = Release;
		};
/* End XCBuildConfiguration section */

/* Begin XCConfigurationList section */
		8CAA5A251E7EB4C400D620C5 /* Build configuration list for PBXProject "BarsAroundMe" */ = {
			isa = XCConfigurationList;
			buildConfigurations = (
				8CAA5A471E7EB4C400D620C5 /* Debug */,
				8CAA5A481E7EB4C400D620C5 /* Release */,
			);
			defaultConfigurationIsVisible = 0;
			defaultConfigurationName = Release;
		};
		8CAA5A491E7EB4C400D620C5 /* Build configuration list for PBXNativeTarget "BarsAroundMe" */ = {
			isa = XCConfigurationList;
			buildConfigurations = (
				8CAA5A4A1E7EB4C400D620C5 /* Debug */,
				8CAA5A4B1E7EB4C400D620C5 /* Release */,
			);
			defaultConfigurationIsVisible = 0;
			defaultConfigurationName = Release;
		};
		8CAA5A4C1E7EB4C400D620C5 /* Build configuration list for PBXNativeTarget "BarsAroundMeTests" */ = {
			isa = XCConfigurationList;
			buildConfigurations = (
				8CAA5A4D1E7EB4C400D620C5 /* Debug */,
				8CAA5A4E1E7EB4C400D620C5 /* Release */,
			);
			defaultConfigurationIsVisible = 0;
			defaultConfigurationName = Release;
		};
/* End XCConfigurationList section */
	};
	rootObject = 8CAA5A221E7EB4C400D620C5 /* Project object */;
}
